
Microsoft Visual Studio Solution File, Format Version 12.00
# Visual Studio Version 17
VisualStudioVersion = 17.3.32929.385
MinimumVisualStudioVersion = 10.0.40219.1
Project("{FAE04EC0-301F-11D3-BF4B-00C04F79EFBC}") = "CatViewer", "CatViewer.csproj", "{FAABAA98-6706-42ED-BE82-10FC029E67D5}"
EndProject
Global
	GlobalSection(SolutionConfigurationPlatforms) = preSolution
		Debug|Any CPU = Debug|Any CPU
		Release|Any CPU = Release|Any CPU
	EndGlobalSection
	GlobalSection(ProjectConfigurationPlatforms) = postSolution
		{FAABAA98-6706-42ED-BE82-10FC029E67D5}.Debug|Any CPU.ActiveCfg = Debug|Any CPU
		{FAABAA98-6706-42ED-BE82-10FC029E67D5}.Debug|Any CPU.Build.0 = Debug|Any CPU
		{FAABAA98-6706-42ED-BE82-10FC029E67D5}.Release|Any CPU.ActiveCfg = Release|Any CPU
		{FAABAA98-6706-42ED-BE82-10FC029E67D5}.Release|Any CPU.Build.0 = Release|Any CPU
	EndGlobalSection
	GlobalSection(SolutionProperties) = preSolution
		HideSolutionNode = FALSE
	EndGlobalSection
	GlobalSection(ExtensibilityGlobals) = postSolution
		SolutionGuid = {E283D499-A964-4002-8D36-5AE80C65BFB2}
	EndGlobalSection
EndGlobal
